
Microsoft Visual Studio Solution File, Format Version 12.00
# Visual Studio Version 16
VisualStudioVersion = 16.0.31911.196
MinimumVisualStudioVersion = 10.0.40219.1
Project("{FAE04EC0-301F-11D3-BF4B-00C04F79EFBC}") = "pr2", "pr2\pr2.csproj", "{9530845C-9920-4250-A548-666F6DFF2ED5}"
EndProject
Global
	GlobalSection(SolutionConfigurationPlatforms) = preSolution
		Debug|Any CPU = Debug|Any CPU
		Release|Any CPU = Release|Any CPU
	EndGlobalSection
	GlobalSection(ProjectConfigurationPlatforms) = postSolution
		{9530845C-9920-4250-A548-666F6DFF2ED5}.Debug|Any CPU.ActiveCfg = Debug|Any CPU
		{9530845C-9920-4250-A548-666F6DFF2ED5}.Debug|Any CPU.Build.0 = Debug|Any CPU
		{9530845C-9920-4250-A548-666F6DFF2ED5}.Release|Any CPU.ActiveCfg = Release|Any CPU
		{9530845C-9920-4250-A548-666F6DFF2ED5}.Release|Any CPU.Build.0 = Release|Any CPU
	EndGlobalSection
	GlobalSection(SolutionProperties) = preSolution
		HideSolutionNode = FALSE
	EndGlobalSection
	GlobalSection(ExtensibilityGlobals) = postSolution
		SolutionGuid = {0BADD122-029C-41E9-89C0-FAD93616ACF2}
	EndGlobalSection
EndGlobal
